
Microsoft Visual Studio Solution File, Format Version 12.00
# Visual Studio Version 16
VisualStudioVersion = 16.0.32413.511
MinimumVisualStudioVersion = 10.0.40219.1
Project("{FAE04EC0-301F-11D3-BF4B-00C04F79EFBC}") = "Asp-Intro", "Asp-Intro\Asp-Intro.csproj", "{3AA068F9-9737-43EC-9C73-29C2B4B5DC54}"
EndProject
Global
	GlobalSection(SolutionConfigurationPlatforms) = preSolution
		Debug|Any CPU = Debug|Any CPU
		Release|Any CPU = Release|Any CPU
	EndGlobalSection
	GlobalSection(ProjectConfigurationPlatforms) = postSolution
		{3AA068F9-9737-43EC-9C73-29C2B4B5DC54}.Debug|Any CPU.ActiveCfg = Debug|Any CPU
		{3AA068F9-9737-43EC-9C73-29C2B4B5DC54}.Debug|Any CPU.Build.0 = Debug|Any CPU
		{3AA068F9-9737-43EC-9C73-29C2B4B5DC54}.Release|Any CPU.ActiveCfg = Release|Any CPU
		{3AA068F9-9737-43EC-9C73-29C2B4B5DC54}.Release|Any CPU.Build.0 = Release|Any CPU
	EndGlobalSection
	GlobalSection(SolutionProperties) = preSolution
		HideSolutionNode = FALSE
	EndGlobalSection
	GlobalSection(ExtensibilityGlobals) = postSolution
		SolutionGuid = {0CE715F1-7DC7-46C9-A3BA-A407B39F2112}
	EndGlobalSection
EndGlobal
